// !$*UTF8*$!
{
	archiveVersion = 1;
	classes = {
	};
	objectVersion = 46;
	objects = {

/* Begin PBXBuildFile section */
		6458B6941A7777D1004FD3D9 /* MasonryViewController.m in Sources */ = {isa = PBXBuildFile; fileRef = 6458B6931A7777D1004FD3D9 /* MasonryViewController.m */; };
		64796C1D1A5D10CC009F7DDA /* main.m in Sources */ = {isa = PBXBuildFile; fileRef = 64796C1C1A5D10CC009F7DDA /* main.m */; };
		64796C201A5D10CC009F7DDA /* AppDelegate.m in Sources */ = {isa = PBXBuildFile; fileRef = 64796C1F1A5D10CC009F7DDA /* AppDelegate.m */; };
		64796C231A5D10CC009F7DDA /* NSLayoutConstraintViewController.m in Sources */ = {isa = PBXBuildFile; fileRef = 64796C221A5D10CC009F7DDA /* NSLayoutConstraintViewController.m */; };
		64796C261A5D10CC009F7DDA /* Main.storyboard in Resources */ = {isa = PBXBuildFile; fileRef = 64796C241A5D10CC009F7DDA /* Main.storyboard */; };
		64796C281A5D10CC009F7DDA /* Images.xcassets in Resources */ = {isa = PBXBuildFile; fileRef = 64796C271A5D10CC009F7DDA /* Images.xcassets */; };
		64796C2B1A5D10CC009F7DDA /* LaunchScreen.xib in Resources */ = {isa = PBXBuildFile; fileRef = 64796C291A5D10CC009F7DDA /* LaunchScreen.xib */; };
		64796C371A5D10CC009F7DDA /* AutoLayoutWithProgrammaticallyDemoTests.m in Sources */ = {isa = PBXBuildFile; fileRef = 64796C361A5D10CC009F7DDA /* AutoLayoutWithProgrammaticallyDemoTests.m */; };
/* End PBXBuildFile section */

/* Begin PBXContainerItemProxy section */
		64796C311A5D10CC009F7DDA /* PBXContainerItemProxy */ = {
			isa = PBXContainerItemProxy;
			containerPortal = 64796C0F1A5D10CC009F7DDA /* Project object */;
			proxyType = 1;
			remoteGlobalIDString = 64796C161A5D10CC009F7DDA;
			remoteInfo = AutoLayoutWithProgrammaticallyDemo;
		};
/* End PBXContainerItemProxy section */

/* Begin PBXFileReference section */
		6458B6921A7777D1004FD3D9 /* MasonryViewController.h */ = {isa = PBXFileReference; fileEncoding = 4; lastKnownFileType = sourcecode.c.h; path = MasonryViewController.h; sourceTree = "<group>"; };
		6458B6931A7777D1004FD3D9 /* MasonryViewController.m */ = {isa = PBXFileReference; fileEncoding = 4; lastKnownFileType = sourcecode.c.objc; path = MasonryViewController.m; sourceTree = "<group>"; };
		64796C171A5D10CC009F7DDA /* AutoLayoutWithProgrammaticallyDemo.app */ = {isa = PBXFileReference; explicitFileType = wrapper.application; includeInIndex = 0; path = AutoLayoutWithProgrammaticallyDemo.app; sourceTree = BUILT_PRODUCTS_DIR; };
		64796C1B1A5D10CC009F7DDA /* Info.plist */ = {isa = PBXFileReference; lastKnownFileType = text.plist.xml; path = Info.plist; sourceTree = "<group>"; };
		64796C1C1A5D10CC009F7DDA /* main.m */ = {isa = PBXFileReference; lastKnownFileType = sourcecode.c.objc; path = main.m; sourceTree = "<group>"; };
		64796C1E1A5D10CC009F7DDA /* AppDelegate.h */ = {isa = PBXFileReference; lastKnownFileType = sourcecode.c.h; path = AppDelegate.h; sourceTree = "<group>"; };
		64796C1F1A5D10CC009F7DDA /* AppDelegate.m */ = {isa = PBXFileReference; lastKnownFileType = sourcecode.c.objc; path = AppDelegate.m; sourceTree = "<group>"; };
		64796C211A5D10CC009F7DDA /* NSLayoutConstraintViewController.h */ = {isa = PBXFileReference; lastKnownFileType = sourcecode.c.h; path = NSLayoutConstraintViewController.h; sourceTree = "<group>"; };
		64796C221A5D10CC009F7DDA /* NSLayoutConstraintViewController.m */ = {isa = PBXFileReference; lastKnownFileType = sourcecode.c.objc; path = NSLayoutConstraintViewController.m; sourceTree = "<group>"; };
		64796C251A5D10CC009F7DDA /* Base */ = {isa = PBXFileReference; lastKnownFileType = file.storyboard; name = Base; path = Base.lproj/Main.storyboard; sourceTree = "<group>"; };
		64796C271A5D10CC009F7DDA /* Images.xcassets */ = {isa = PBXFileReference; lastKnownFileType = folder.assetcatalog; path = Images.xcassets; sourceTree = "<group>"; };
		64796C2A1A5D10CC009F7DDA /* Base */ = {isa = PBXFileReference; lastKnownFileType = file.xib; name = Base; path = Base.lproj/LaunchScreen.xib; sourceTree = "<group>"; };
		64796C301A5D10CC009F7DDA /* AutoLayoutWithProgrammaticallyDemoTests.xctest */ = {isa = PBXFileReference; explicitFileType = wrapper.cfbundle; includeInIndex = 0; path = AutoLayoutWithProgrammaticallyDemoTests.xctest; sourceTree = BUILT_PRODUCTS_DIR; };
		64796C351A5D10CC009F7DDA /* Info.plist */ = {isa = PBXFileReference; lastKnownFileType = text.plist.xml; path = Info.plist; sourceTree = "<group>"; };
		64796C361A5D10CC009F7DDA /* AutoLayoutWithProgrammaticallyDemoTests.m */ = {isa = PBXFileReference; lastKnownFileType = sourcecode.c.objc; path = AutoLayoutWithProgrammaticallyDemoTests.m; sourceTree = "<group>"; };
/* End PBXFileReference section */

/* Begin PBXFrameworksBuildPhase section */
		64796C141A5D10CC009F7DDA /* Frameworks */ = {
			isa = PBXFrameworksBuildPhase;
			buildActionMask = 2147483647;
			files = (
			);
			runOnlyForDeploymentPostprocessing = 0;
		};
		64796C2D1A5D10CC009F7DDA /* Frameworks */ = {
			isa = PBXFrameworksBuildPhase;
			buildActionMask = 2147483647;
			files = (
			);
			runOnlyForDeploymentPostprocessing = 0;
		};
/* End PBXFrameworksBuildPhase section */

/* Begin PBXGroup section */
		64796C0E1A5D10CC009F7DDA = {
			isa = PBXGroup;
			children = (
				64796C191A5D10CC009F7DDA /* AutoLayoutWithProgrammaticallyDemo */,
				64796C331A5D10CC009F7DDA /* AutoLayoutWithProgrammaticallyDemoTests */,
				64796C181A5D10CC009F7DDA /* Products */,
			);
			sourceTree = "<group>";
		};
		64796C181A5D10CC009F7DDA /* Products */ = {
			isa = PBXGroup;
			children = (
				64796C171A5D10CC009F7DDA /* AutoLayoutWithProgrammaticallyDemo.app */,
				64796C301A5D10CC009F7DDA /* AutoLayoutWithProgrammaticallyDemoTests.xctest */,
			);
			name = Products;
			sourceTree = "<group>";
		};
		64796C191A5D10CC009F7DDA /* AutoLayoutWithProgrammaticallyDemo */ = {
			isa = PBXGroup;
			children = (
				64796C1E1A5D10CC009F7DDA /* AppDelegate.h */,
				64796C1F1A5D10CC009F7DDA /* AppDelegate.m */,
				64796C211A5D10CC009F7DDA /* NSLayoutConstraintViewController.h */,
				64796C221A5D10CC009F7DDA /* NSLayoutConstraintViewController.m */,
				6458B6921A7777D1004FD3D9 /* MasonryViewController.h */,
				6458B6931A7777D1004FD3D9 /* MasonryViewController.m */,
				64796C241A5D10CC009F7DDA /* Main.storyboard */,
				64796C271A5D10CC009F7DDA /* Images.xcassets */,
				64796C291A5D10CC009F7DDA /* LaunchScreen.xib */,
				64796C1A1A5D10CC009F7DDA /* Supporting Files */,
			);
			path = AutoLayoutWithProgrammaticallyDemo;
			sourceTree = "<group>";
		};
		64796C1A1A5D10CC009F7DDA /* Supporting Files */ = {
			isa = PBXGroup;
			children = (
				64796C1B1A5D10CC009F7DDA /* Info.plist */,
				64796C1C1A5D10CC009F7DDA /* main.m */,
			);
			name = "Supporting Files";
			sourceTree = "<group>";
		};
		64796C331A5D10CC009F7DDA /* AutoLayoutWithProgrammaticallyDemoTests */ = {
			isa = PBXGroup;
			children = (
				64796C361A5D10CC009F7DDA /* AutoLayoutWithProgrammaticallyDemoTests.m */,
				64796C341A5D10CC009F7DDA /* Supporting Files */,
			);
			path = AutoLayoutWithProgrammaticallyDemoTests;
			sourceTree = "<group>";
		};
		64796C341A5D10CC009F7DDA /* Supporting Files */ = {
			isa = PBXGroup;
			children = (
				64796C351A5D10CC009F7DDA /* Info.plist */,
			);
			name = "Supporting Files";
			sourceTree = "<group>";
		};
/* End PBXGroup section */

/* Begin PBXNativeTarget section */
		64796C161A5D10CC009F7DDA /* AutoLayoutWithProgrammaticallyDemo */ = {
			isa = PBXNativeTarget;
			buildConfigurationList = 64796C3A1A5D10CC009F7DDA /* Build configuration list for PBXNativeTarget "AutoLayoutWithProgrammaticallyDemo" */;
			buildPhases = (
				64796C131A5D10CC009F7DDA /* Sources */,
				64796C141A5D10CC009F7DDA /* Frameworks */,
				64796C151A5D10CC009F7DDA /* Resources */,
			);
			buildRules = (
			);
			dependencies = (
			);
			name = AutoLayoutWithProgrammaticallyDemo;
			productName = AutoLayoutWithProgrammaticallyDemo;
			productReference = 64796C171A5D10CC009F7DDA /* AutoLayoutWithProgrammaticallyDemo.app */;
			productType = "com.apple.product-type.application";
		};
		64796C2F1A5D10CC009F7DDA /* AutoLayoutWithProgrammaticallyDemoTests */ = {
			isa = PBXNativeTarget;
			buildConfigurationList = 64796C3D1A5D10CC009F7DDA /* Build configuration list for PBXNativeTarget "AutoLayoutWithProgrammaticallyDemoTests" */;
			buildPhases = (
				64796C2C1A5D10CC009F7DDA /* Sources */,
				64796C2D1A5D10CC009F7DDA /* Frameworks */,
				64796C2E1A5D10CC009F7DDA /* Resources */,
			);
			buildRules = (
			);
			dependencies = (
				64796C321A5D10CC009F7DDA /* PBXTargetDependency */,
			);
			name = AutoLayoutWithProgrammaticallyDemoTests;
			productName = AutoLayoutWithProgrammaticallyDemoTests;
			productReference = 64796C301A5D10CC009F7DDA /* AutoLayoutWithProgrammaticallyDemoTests.xctest */;
			productType = "com.apple.product-type.bundle.unit-test";
		};
/* End PBXNativeTarget section */

/* Begin PBXProject section */
		64796C0F1A5D10CC009F7DDA /* Project object */ = {
			isa = PBXProject;
			attributes = {
				LastUpgradeCheck = 0610;
				ORGANIZATIONNAME = backslash112;
				TargetAttributes = {
					64796C161A5D10CC009F7DDA = {
						CreatedOnToolsVersion = 6.1.1;
					};
					64796C2F1A5D10CC009F7DDA = {
						CreatedOnToolsVersion = 6.1.1;
						TestTargetID = 64796C161A5D10CC009F7DDA;
					};
				};
			};
			buildConfigurationList = 64796C121A5D10CC009F7DDA /* Build configuration list for PBXProject "AutoLayoutWithProgrammaticallyDemo" */;
			compatibilityVersion = "Xcode 3.2";
			developmentRegion = English;
			hasScannedForEncodings = 0;
			knownRegions = (
				en,
				Base,
			);
			mainGroup = 64796C0E1A5D10CC009F7DDA;
			productRefGroup = 64796C181A5D10CC009F7DDA /* Products */;
			projectDirPath = "";
			projectRoot = "";
			targets = (
				64796C161A5D10CC009F7DDA /* AutoLayoutWithProgrammaticallyDemo */,
				64796C2F1A5D10CC009F7DDA /* AutoLayoutWithProgrammaticallyDemoTests */,
			);
		};
/* End PBXProject section */

/* Begin PBXResourcesBuildPhase section */
		64796C151A5D10CC009F7DDA /* Resources */ = {
			isa = PBXResourcesBuildPhase;
			buildActionMask = 2147483647;
			files = (
				64796C261A5D10CC009F7DDA /* Main.storyboard in Resources */,
				64796C2B1A5D10CC009F7DDA /* LaunchScreen.xib in Resources */,
				64796C281A5D10CC009F7DDA /* Images.xcassets in Resources */,
			);
			runOnlyForDeploymentPostprocessing = 0;
		};
		64796C2E1A5D10CC009F7DDA /* Resources */ = {
			isa = PBXResourcesBuildPhase;
			buildActionMask = 2147483647;
			files = (
			);
			runOnlyForDeploymentPostprocessing = 0;
		};
/* End PBXResourcesBuildPhase section */

/* Begin PBXSourcesBuildPhase section */
		64796C131A5D10CC009F7DDA /* Sources */ = {
			isa = PBXSourcesBuildPhase;
			buildActionMask = 2147483647;
			files = (
				64796C231A5D10CC009F7DDA /* NSLayoutConstraintViewController.m in Sources */,
				64796C201A5D10CC009F7DDA /* AppDelegate.m in Sources */,
				6458B6941A7777D1004FD3D9 /* MasonryViewController.m in Sources */,
				64796C1D1A5D10CC009F7DDA /* main.m in Sources */,
			);
			runOnlyForDeploymentPostprocessing = 0;
		};
		64796C2C1A5D10CC009F7DDA /* Sources */ = {
			isa = PBXSourcesBuildPhase;
			buildActionMask = 2147483647;
			files = (
				64796C371A5D10CC009F7DDA /* AutoLayoutWithProgrammaticallyDemoTests.m in Sources */,
			);
			runOnlyForDeploymentPostprocessing = 0;
		};
/* End PBXSourcesBuildPhase section */

/* Begin PBXTargetDependency section */
		64796C321A5D10CC009F7DDA /* PBXTargetDependency */ = {
			isa = PBXTargetDependency;
			target = 64796C161A5D10CC009F7DDA /* AutoLayoutWithProgrammaticallyDemo */;
			targetProxy = 64796C311A5D10CC009F7DDA /* PBXContainerItemProxy */;
		};
/* End PBXTargetDependency section */

/* Begin PBXVariantGroup section */
		64796C241A5D10CC009F7DDA /* Main.storyboard */ = {
			isa = PBXVariantGroup;
			children = (
				64796C251A5D10CC009F7DDA /* Base */,
			);
			name = Main.storyboard;
			sourceTree = "<group>";
		};
		64796C291A5D10CC009F7DDA /* LaunchScreen.xib */ = {
			isa = PBXVariantGroup;
			children = (
				64796C2A1A5D10CC009F7DDA /* Base */,
			);
			name = LaunchScreen.xib;
			sourceTree = "<group>";
		};
/* End PBXVariantGroup section */

/* Begin XCBuildConfiguration section */
		64796C381A5D10CC009F7DDA /* Debug */ = {
			isa = XCBuildConfiguration;
			buildSettings = {
				ALWAYS_SEARCH_USER_PATHS = NO;
				CLANG_CXX_LANGUAGE_STANDARD = "gnu++0x";
				CLANG_CXX_LIBRARY = "libc++";
				CLANG_ENABLE_MODULES = YES;
				CLANG_ENABLE_OBJC_ARC = YES;
				CLANG_WARN_BOOL_CONVERSION = YES;
				CLANG_WARN_CONSTANT_CONVERSION = YES;
				CLANG_WARN_DIRECT_OBJC_ISA_USAGE = YES_ERROR;
				CLANG_WARN_EMPTY_BODY = YES;
				CLANG_WARN_ENUM_CONVERSION = YES;
				CLANG_WARN_INT_CONVERSION = YES;
				CLANG_WARN_OBJC_ROOT_CLASS = YES_ERROR;
				CLANG_WARN_UNREACHABLE_CODE = YES;
				CLANG_WARN__DUPLICATE_METHOD_MATCH = YES;
				"CODE_SIGN_IDENTITY[sdk=iphoneos*]" = "iPhone Developer";
				COPY_PHASE_STRIP = NO;
				ENABLE_STRICT_OBJC_MSGSEND = YES;
				GCC_C_LANGUAGE_STANDARD = gnu99;
				GCC_DYNAMIC_NO_PIC = NO;
				GCC_OPTIMIZATION_LEVEL = 0;
				GCC_PREPROCESSOR_DEFINITIONS = (
					"DEBUG=1",
					"$(inherited)",
				);
				GCC_SYMBOLS_PRIVATE_EXTERN = NO;
				GCC_WARN_64_TO_32_BIT_CONVERSION = YES;
				GCC_WARN_ABOUT_RETURN_TYPE = YES_ERROR;
				GCC_WARN_UNDECLARED_SELECTOR = YES;
				GCC_WARN_UNINITIALIZED_AUTOS = YES_AGGRESSIVE;
				GCC_WARN_UNUSED_FUNCTION = YES;
				GCC_WARN_UNUSED_VARIABLE = YES;
				IPHONEOS_DEPLOYMENT_TARGET = 8.1;
				MTL_ENABLE_DEBUG_INFO = YES;
				ONLY_ACTIVE_ARCH = YES;
				SDKROOT = iphoneos;
			};
			name = Debug;
		};
		64796C391A5D10CC009F7DDA /* Release */ = {
			isa = XCBuildConfiguration;
			buildSettings = {
				ALWAYS_SEARCH_USER_PATHS = NO;
				CLANG_CXX_LANGUAGE_STANDARD = "gnu++0x";
				CLANG_CXX_LIBRARY = "libc++";
				CLANG_ENABLE_MODULES = YES;
				CLANG_ENABLE_OBJC_ARC = YES;
				CLANG_WARN_BOOL_CONVERSION = YES;
				CLANG_WARN_CONSTANT_CONVERSION = YES;
				CLANG_WARN_DIRECT_OBJC_ISA_USAGE = YES_ERROR;
				CLANG_WARN_EMPTY_BODY = YES;
				CLANG_WARN_ENUM_CONVERSION = YES;
				CLANG_WARN_INT_CONVERSION = YES;
				CLANG_WARN_OBJC_ROOT_CLASS = YES_ERROR;
				CLANG_WARN_UNREACHABLE_CODE = YES;
				CLANG_WARN__DUPLICATE_METHOD_MATCH = YES;
				"CODE_SIGN_IDENTITY[sdk=iphoneos*]" = "iPhone Developer";
				COPY_PHASE_STRIP = YES;
				ENABLE_NS_ASSERTIONS = NO;
				ENABLE_STRICT_OBJC_MSGSEND = YES;
				GCC_C_LANGUAGE_STANDARD = gnu99;
				GCC_WARN_64_TO_32_BIT_CONVERSION = YES;
				GCC_WARN_ABOUT_RETURN_TYPE = YES_ERROR;
				GCC_WARN_UNDECLARED_SELECTOR = YES;
				GCC_WARN_UNINITIALIZED_AUTOS = YES_AGGRESSIVE;
				GCC_WARN_UNUSED_FUNCTION = YES;
				GCC_WARN_UNUSED_VARIABLE = YES;
				IPHONEOS_DEPLOYMENT_TARGET = 8.1;
				MTL_ENABLE_DEBUG_INFO = NO;
				SDKROOT = iphoneos;
				VALIDATE_PRODUCT = YES;
			};
			name = Release;
		};
		64796C3B1A5D10CC009F7DDA /* Debug */ = {
			isa = XCBuildConfiguration;
			buildSettings = {
				ASSETCATALOG_COMPILER_APPICON_NAME = AppIcon;
				INFOPLIST_FILE = AutoLayoutWithProgrammaticallyDemo/Info.plist;
				LD_RUNPATH_SEARCH_PATHS = "$(inherited) @executable_path/Frameworks";
				PRODUCT_NAME = "$(TARGET_NAME)";
			};
			name = Debug;
		};
		64796C3C1A5D10CC009F7DDA /* Release */ = {
			isa = XCBuildConfiguration;
			buildSettings = {
				ASSETCATALOG_COMPILER_APPICON_NAME = AppIcon;
				INFOPLIST_FILE = AutoLayoutWithProgrammaticallyDemo/Info.plist;
				LD_RUNPATH_SEARCH_PATHS = "$(inherited) @executable_path/Frameworks";
				PRODUCT_NAME = "$(TARGET_NAME)";
			};
			name = Release;
		};
		64796C3E1A5D10CC009F7DDA /* Debug */ = {
			isa = XCBuildConfiguration;
			buildSettings = {
				BUNDLE_LOADER = "$(TEST_HOST)";
				FRAMEWORK_SEARCH_PATHS = (
					"$(SDKROOT)/Developer/Library/Frameworks",
					"$(inherited)",
				);
				GCC_PREPROCESSOR_DEFINITIONS = (
					"DEBUG=1",
					"$(inherited)",
				);
				INFOPLIST_FILE = AutoLayoutWithProgrammaticallyDemoTests/Info.plist;
				LD_RUNPATH_SEARCH_PATHS = "$(inherited) @executable_path/Frameworks @loader_path/Frameworks";
				PRODUCT_NAME = "$(TARGET_NAME)";
				TEST_HOST = "$(BUILT_PRODUCTS_DIR)/AutoLayoutWithProgrammaticallyDemo.app/AutoLayoutWithProgrammaticallyDemo";
			};
			name = Debug;
		};
		64796C3F1A5D10CC009F7DDA /* Release */ = {
			isa = XCBuildConfiguration;
			buildSettings = {
				BUNDLE_LOADER = "$(TEST_HOST)";
				FRAMEWORK_SEARCH_PATHS = (
					"$(SDKROOT)/Developer/Library/Frameworks",
					"$(inherited)",
				);
				INFOPLIST_FILE = AutoLayoutWithProgrammaticallyDemoTests/Info.plist;
				LD_RUNPATH_SEARCH_PATHS = "$(inherited) @executable_path/Frameworks @loader_path/Frameworks";
				PRODUCT_NAME = "$(TARGET_NAME)";
				TEST_HOST = "$(BUILT_PRODUCTS_DIR)/AutoLayoutWithProgrammaticallyDemo.app/AutoLayoutWithProgrammaticallyDemo";
			};
			name = Release;
		};
/* End XCBuildConfiguration section */

/* Begin XCConfigurationList section */
		64796C121A5D10CC009F7DDA /* Build configuration list for PBXProject "AutoLayoutWithProgrammaticallyDemo" */ = {
			isa = XCConfigurationList;
			buildConfigurations = (
				64796C381A5D10CC009F7DDA /* Debug */,
				64796C391A5D10CC009F7DDA /* Release */,
			);
			defaultConfigurationIsVisible = 0;
			defaultConfigurationName = Release;
		};
		64796C3A1A5D10CC009F7DDA /* Build configuration list for PBXNativeTarget "AutoLayoutWithProgrammaticallyDemo" */ = {
			isa = XCConfigurationList;
			buildConfigurations = (
				64796C3B1A5D10CC009F7DDA /* Debug */,
				64796C3C1A5D10CC009F7DDA /* Release */,
			);
			defaultConfigurationIsVisible = 0;
			defaultConfigurationName = Release;
		};
		64796C3D1A5D10CC009F7DDA /* Build configuration list for PBXNativeTarget "AutoLayoutWithProgrammaticallyDemoTests" */ = {
			isa = XCConfigurationList;
			buildConfigurations = (
				64796C3E1A5D10CC009F7DDA /* Debug */,
				64796C3F1A5D10CC009F7DDA /* Release */,
			);
			defaultConfigurationIsVisible = 0;
			defaultConfigurationName = Release;
		};
/* End XCConfigurationList section */
	};
	rootObject = 64796C0F1A5D10CC009F7DDA /* Project object */;
}
